
Microsoft Visual Studio Solution File, Format Version 12.00
# Visual Studio 15
VisualStudioVersion = 15.0.28307.572
MinimumVisualStudioVersion = 10.0.40219.1
Project("{2150E333-8FDC-42A3-9474-1A3956D46DE8}") = "src", "src", "{47EB6CA2-8260-40AF-B81F-66F9E7523ED1}"
EndProject
Project("{2150E333-8FDC-42A3-9474-1A3956D46DE8}") = "samples", "samples", "{8BED08BA-CDBA-4B9C-BB94-C0755F8A5C03}"
EndProject
Project("{2150E333-8FDC-42A3-9474-1A3956D46DE8}") = "tests", "tests", "{D9E837F0-2088-4ACB-B0D1-D0288578BFCA}"
EndProject
Project("{9A19103F-16F7-4668-BE54-9A1E7A4F7556}") = "NBeeNET.Mjolnir.Storage.Core", "src\NBeeNET.Mjolnir.Storage.Core\NBeeNET.Mjolnir.Storage.Core.csproj", "{B323AF72-31F2-4BAB-86EB-A86C149E0952}"
EndProject
Project("{9A19103F-16F7-4668-BE54-9A1E7A4F7556}") = "NBeeNET.Mjolnir.Storage.Tests", "tests\NBeeNET.Mjolnir.Storage.Tests\NBeeNET.Mjolnir.Storage.Tests.csproj", "{DE6E2ADC-EB51-49C4-874D-A8E714A5FC9E}"
EndProject
Project("{9A19103F-16F7-4668-BE54-9A1E7A4F7556}") = "NBeeNET.Mjolnir.Storage.NetCoreTests", "tests\NBeeNET.Mjolnir.Storage.NetCoreTests\NBeeNET.Mjolnir.Storage.NetCoreTests.csproj", "{4C76875B-E0CA-40CA-B76D-2600A4B4842D}"
EndProject
Project("{9A19103F-16F7-4668-BE54-9A1E7A4F7556}") = "NBeeNET.Mjolnir.Storage.Image", "src\NBeeNET.Mjolnir.Storage.Image\NBeeNET.Mjolnir.Storage.Image.csproj", "{1F7CD15F-BE8C-413C-A9CB-6CF51E6C59CE}"
EndProject
Project("{9A19103F-16F7-4668-BE54-9A1E7A4F7556}") = "NBeeNET.Mjolnir.Storage.Local", "src\NBeeNET.Mjolnir.Storage.Local\NBeeNET.Mjolnir.Storage.Local.csproj", "{52291025-B072-403C-A604-F69903EA91BD}"
EndProject
Project("{9A19103F-16F7-4668-BE54-9A1E7A4F7556}") = "NBeeNET.Mjolnir.Storage.AzureBlob", "src\NBeeNET.Mjolnir.Storage.AzureBlob\NBeeNET.Mjolnir.Storage.AzureBlob.csproj", "{AB43866B-C0DC-4761-819A-11565DCD262F}"
EndProject
Project("{9A19103F-16F7-4668-BE54-9A1E7A4F7556}") = "NBeeNET.Mjolnir.Storage.AWSS3", "src\NBeeNET.Mjolnir.Storage.AWSS3\NBeeNET.Mjolnir.Storage.AWSS3.csproj", "{B029DD62-B30B-455F-9CBA-B12CDA3A687A}"
EndProject
Project("{9A19103F-16F7-4668-BE54-9A1E7A4F7556}") = "NBeeNET.Mjolnir.Storage.Office", "src\NBeeNET.Mjolnir.Storage.Office\NBeeNET.Mjolnir.Storage.Office.csproj", "{AC482937-508B-4092-B19A-97EE59C82D0E}"
EndProject
Project("{9A19103F-16F7-4668-BE54-9A1E7A4F7556}") = "NBeeNET.Mjolnir.Storage.Audio", "src\NBeeNET.Mjolnir.Storage.Audio\NBeeNET.Mjolnir.Storage.Audio.csproj", "{5C5E3E48-C205-48C5-8EE2-A564597711EB}"
EndProject
Project("{9A19103F-16F7-4668-BE54-9A1E7A4F7556}") = "NBeeNET.Mjolnir.Storage.Video", "src\NBeeNET.Mjolnir.Storage.Video\NBeeNET.Mjolnir.Storage.Video.csproj", "{E17EAE45-8C68-4D03-B61B-EBD1A5678D7E}"
EndProject
Project("{9A19103F-16F7-4668-BE54-9A1E7A4F7556}") = "NetworkPrint", "samples\NetworkPrint\NetworkPrint.csproj", "{CC649602-4846-435B-8456-BA087CF52943}"
EndProject
Project("{FAE04EC0-301F-11D3-BF4B-00C04F79EFBC}") = "NetworkStorage", "samples\NetworkStorage\NetworkStorage.csproj", "{53925B23-A1EA-4474-96B2-EC7DAB7341D1}"
EndProject
Global
	GlobalSection(SolutionConfigurationPlatforms) = preSolution
		Debug|Any CPU = Debug|Any CPU
		Release|Any CPU = Release|Any CPU
	EndGlobalSection
	GlobalSection(ProjectConfigurationPlatforms) = postSolution
		{B323AF72-31F2-4BAB-86EB-A86C149E0952}.Debug|Any CPU.ActiveCfg = Debug|Any CPU
		{B323AF72-31F2-4BAB-86EB-A86C149E0952}.Debug|Any CPU.Build.0 = Debug|Any CPU
		{B323AF72-31F2-4BAB-86EB-A86C149E0952}.Release|Any CPU.ActiveCfg = Release|Any CPU
		{B323AF72-31F2-4BAB-86EB-A86C149E0952}.Release|Any CPU.Build.0 = Release|Any CPU
		{DE6E2ADC-EB51-49C4-874D-A8E714A5FC9E}.Debug|Any CPU.ActiveCfg = Debug|Any CPU
		{DE6E2ADC-EB51-49C4-874D-A8E714A5FC9E}.Debug|Any CPU.Build.0 = Debug|Any CPU
		{DE6E2ADC-EB51-49C4-874D-A8E714A5FC9E}.Release|Any CPU.ActiveCfg = Release|Any CPU
		{DE6E2ADC-EB51-49C4-874D-A8E714A5FC9E}.Release|Any CPU.Build.0 = Release|Any CPU
		{4C76875B-E0CA-40CA-B76D-2600A4B4842D}.Debug|Any CPU.ActiveCfg = Debug|Any CPU
		{4C76875B-E0CA-40CA-B76D-2600A4B4842D}.Debug|Any CPU.Build.0 = Debug|Any CPU
		{4C76875B-E0CA-40CA-B76D-2600A4B4842D}.Release|Any CPU.ActiveCfg = Release|Any CPU
		{4C76875B-E0CA-40CA-B76D-2600A4B4842D}.Release|Any CPU.Build.0 = Release|Any CPU
		{1F7CD15F-BE8C-413C-A9CB-6CF51E6C59CE}.Debug|Any CPU.ActiveCfg = Debug|Any CPU
		{1F7CD15F-BE8C-413C-A9CB-6CF51E6C59CE}.Debug|Any CPU.Build.0 = Debug|Any CPU
		{1F7CD15F-BE8C-413C-A9CB-6CF51E6C59CE}.Release|Any CPU.ActiveCfg = Release|Any CPU
		{1F7CD15F-BE8C-413C-A9CB-6CF51E6C59CE}.Release|Any CPU.Build.0 = Release|Any CPU
		{52291025-B072-403C-A604-F69903EA91BD}.Debug|Any CPU.ActiveCfg = Debug|Any CPU
		{52291025-B072-403C-A604-F69903EA91BD}.Debug|Any CPU.Build.0 = Debug|Any CPU
		{52291025-B072-403C-A604-F69903EA91BD}.Release|Any CPU.ActiveCfg = Release|Any CPU
		{52291025-B072-403C-A604-F69903EA91BD}.Release|Any CPU.Build.0 = Release|Any CPU
		{AB43866B-C0DC-4761-819A-11565DCD262F}.Debug|Any CPU.ActiveCfg = Debug|Any CPU
		{AB43866B-C0DC-4761-819A-11565DCD262F}.Debug|Any CPU.Build.0 = Debug|Any CPU
		{AB43866B-C0DC-4761-819A-11565DCD262F}.Release|Any CPU.ActiveCfg = Release|Any CPU
		{AB43866B-C0DC-4761-819A-11565DCD262F}.Release|Any CPU.Build.0 = Release|Any CPU
		{B029DD62-B30B-455F-9CBA-B12CDA3A687A}.Debug|Any CPU.ActiveCfg = Debug|Any CPU
		{B029DD62-B30B-455F-9CBA-B12CDA3A687A}.Debug|Any CPU.Build.0 = Debug|Any CPU
		{B029DD62-B30B-455F-9CBA-B12CDA3A687A}.Release|Any CPU.ActiveCfg = Release|Any CPU
		{B029DD62-B30B-455F-9CBA-B12CDA3A687A}.Release|Any CPU.Build.0 = Release|Any CPU
		{AC482937-508B-4092-B19A-97EE59C82D0E}.Debug|Any CPU.ActiveCfg = Debug|Any CPU
		{AC482937-508B-4092-B19A-97EE59C82D0E}.Debug|Any CPU.Build.0 = Debug|Any CPU
		{AC482937-508B-4092-B19A-97EE59C82D0E}.Release|Any CPU.ActiveCfg = Release|Any CPU
		{AC482937-508B-4092-B19A-97EE59C82D0E}.Release|Any CPU.Build.0 = Release|Any CPU
		{5C5E3E48-C205-48C5-8EE2-A564597711EB}.Debug|Any CPU.ActiveCfg = Debug|Any CPU
		{5C5E3E48-C205-48C5-8EE2-A564597711EB}.Debug|Any CPU.Build.0 = Debug|Any CPU
		{5C5E3E48-C205-48C5-8EE2-A564597711EB}.Release|Any CPU.ActiveCfg = Release|Any CPU
		{5C5E3E48-C205-48C5-8EE2-A564597711EB}.Release|Any CPU.Build.0 = Release|Any CPU
		{E17EAE45-8C68-4D03-B61B-EBD1A5678D7E}.Debug|Any CPU.ActiveCfg = Debug|Any CPU
		{E17EAE45-8C68-4D03-B61B-EBD1A5678D7E}.Debug|Any CPU.Build.0 = Debug|Any CPU
		{E17EAE45-8C68-4D03-B61B-EBD1A5678D7E}.Release|Any CPU.ActiveCfg = Release|Any CPU
		{E17EAE45-8C68-4D03-B61B-EBD1A5678D7E}.Release|Any CPU.Build.0 = Release|Any CPU
		{CC649602-4846-435B-8456-BA087CF52943}.Debug|Any CPU.ActiveCfg = Debug|Any CPU
		{CC649602-4846-435B-8456-BA087CF52943}.Debug|Any CPU.Build.0 = Debug|Any CPU
		{CC649602-4846-435B-8456-BA087CF52943}.Release|Any CPU.ActiveCfg = Release|Any CPU
		{CC649602-4846-435B-8456-BA087CF52943}.Release|Any CPU.Build.0 = Release|Any CPU
		{53925B23-A1EA-4474-96B2-EC7DAB7341D1}.Debug|Any CPU.ActiveCfg = Debug|Any CPU
		{53925B23-A1EA-4474-96B2-EC7DAB7341D1}.Debug|Any CPU.Build.0 = Debug|Any CPU
		{53925B23-A1EA-4474-96B2-EC7DAB7341D1}.Release|Any CPU.ActiveCfg = Release|Any CPU
		{53925B23-A1EA-4474-96B2-EC7DAB7341D1}.Release|Any CPU.Build.0 = Release|Any CPU
	EndGlobalSection
	GlobalSection(SolutionProperties) = preSolution
		HideSolutionNode = FALSE
	EndGlobalSection
	GlobalSection(NestedProjects) = preSolution
		{B323AF72-31F2-4BAB-86EB-A86C149E0952} = {47EB6CA2-8260-40AF-B81F-66F9E7523ED1}
		{DE6E2ADC-EB51-49C4-874D-A8E714A5FC9E} = {D9E837F0-2088-4ACB-B0D1-D0288578BFCA}
		{4C76875B-E0CA-40CA-B76D-2600A4B4842D} = {D9E837F0-2088-4ACB-B0D1-D0288578BFCA}
		{1F7CD15F-BE8C-413C-A9CB-6CF51E6C59CE} = {47EB6CA2-8260-40AF-B81F-66F9E7523ED1}
		{52291025-B072-403C-A604-F69903EA91BD} = {47EB6CA2-8260-40AF-B81F-66F9E7523ED1}
		{AB43866B-C0DC-4761-819A-11565DCD262F} = {47EB6CA2-8260-40AF-B81F-66F9E7523ED1}
		{B029DD62-B30B-455F-9CBA-B12CDA3A687A} = {47EB6CA2-8260-40AF-B81F-66F9E7523ED1}
		{AC482937-508B-4092-B19A-97EE59C82D0E} = {47EB6CA2-8260-40AF-B81F-66F9E7523ED1}
		{5C5E3E48-C205-48C5-8EE2-A564597711EB} = {47EB6CA2-8260-40AF-B81F-66F9E7523ED1}
		{E17EAE45-8C68-4D03-B61B-EBD1A5678D7E} = {47EB6CA2-8260-40AF-B81F-66F9E7523ED1}
		{CC649602-4846-435B-8456-BA087CF52943} = {8BED08BA-CDBA-4B9C-BB94-C0755F8A5C03}
		{53925B23-A1EA-4474-96B2-EC7DAB7341D1} = {8BED08BA-CDBA-4B9C-BB94-C0755F8A5C03}
	EndGlobalSection
	GlobalSection(ExtensibilityGlobals) = postSolution
		SolutionGuid = {E85104EC-EE06-4F58-82A6-6BAC403404A8}
	EndGlobalSection
EndGlobal
